
Microsoft Visual Studio Solution File, Format Version 12.00
# Visual Studio Version 17
VisualStudioVersion = 17.2.32602.215
MinimumVisualStudioVersion = 10.0.40219.1
Project("{9A19103F-16F7-4668-BE54-9A1E7A4F7556}") = "SpuchSharp", "SpuchSharp\SpuchSharp.csproj", "{1E426460-7EE2-4B1E-A1BD-068A985B94FF}"
EndProject
Project("{9A19103F-16F7-4668-BE54-9A1E7A4F7556}") = "SpuchSharpInterpreter", "SpuchSharpInterpreter\SpuchSharpInterpreter.csproj", "{52C203AD-6CFF-4A63-84B9-0BAEF9D02B5B}"
EndProject
Project("{9A19103F-16F7-4668-BE54-9A1E7A4F7556}") = "Tests", "Tests\Tests.csproj", "{146859B4-671E-4798-9E12-2051F2A22ED4}"
EndProject
Project("{9A19103F-16F7-4668-BE54-9A1E7A4F7556}") = "STDLib", "STDLib\STDLib.csproj", "{71FD0BEC-9ADB-4315-841E-9299BE067683}"
EndProject
Global
	GlobalSection(SolutionConfigurationPlatforms) = preSolution
		Debug|Any CPU = Debug|Any CPU
		LEXER_DEBUG|Any CPU = LEXER_DEBUG|Any CPU
		Release|Any CPU = Release|Any CPU
	EndGlobalSection
	GlobalSection(ProjectConfigurationPlatforms) = postSolution
		{1E426460-7EE2-4B1E-A1BD-068A985B94FF}.Debug|Any CPU.ActiveCfg = Debug|Any CPU
		{1E426460-7EE2-4B1E-A1BD-068A985B94FF}.Debug|Any CPU.Build.0 = Debug|Any CPU
		{1E426460-7EE2-4B1E-A1BD-068A985B94FF}.LEXER_DEBUG|Any CPU.ActiveCfg = Debug|Any CPU
		{1E426460-7EE2-4B1E-A1BD-068A985B94FF}.LEXER_DEBUG|Any CPU.Build.0 = Debug|Any CPU
		{1E426460-7EE2-4B1E-A1BD-068A985B94FF}.Release|Any CPU.ActiveCfg = Release|Any CPU
		{1E426460-7EE2-4B1E-A1BD-068A985B94FF}.Release|Any CPU.Build.0 = Release|Any CPU
		{52C203AD-6CFF-4A63-84B9-0BAEF9D02B5B}.Debug|Any CPU.ActiveCfg = Debug|Any CPU
		{52C203AD-6CFF-4A63-84B9-0BAEF9D02B5B}.Debug|Any CPU.Build.0 = Debug|Any CPU
		{52C203AD-6CFF-4A63-84B9-0BAEF9D02B5B}.LEXER_DEBUG|Any CPU.ActiveCfg = Debug|Any CPU
		{52C203AD-6CFF-4A63-84B9-0BAEF9D02B5B}.Release|Any CPU.ActiveCfg = Release|Any CPU
		{52C203AD-6CFF-4A63-84B9-0BAEF9D02B5B}.Release|Any CPU.Build.0 = Release|Any CPU
		{146859B4-671E-4798-9E12-2051F2A22ED4}.Debug|Any CPU.ActiveCfg = Debug|Any CPU
		{146859B4-671E-4798-9E12-2051F2A22ED4}.Debug|Any CPU.Build.0 = Debug|Any CPU
		{146859B4-671E-4798-9E12-2051F2A22ED4}.LEXER_DEBUG|Any CPU.ActiveCfg = Debug|Any CPU
		{146859B4-671E-4798-9E12-2051F2A22ED4}.LEXER_DEBUG|Any CPU.Build.0 = Debug|Any CPU
		{146859B4-671E-4798-9E12-2051F2A22ED4}.Release|Any CPU.ActiveCfg = Release|Any CPU
		{146859B4-671E-4798-9E12-2051F2A22ED4}.Release|Any CPU.Build.0 = Release|Any CPU
		{71FD0BEC-9ADB-4315-841E-9299BE067683}.Debug|Any CPU.ActiveCfg = Debug|Any CPU
		{71FD0BEC-9ADB-4315-841E-9299BE067683}.Debug|Any CPU.Build.0 = Debug|Any CPU
		{71FD0BEC-9ADB-4315-841E-9299BE067683}.LEXER_DEBUG|Any CPU.ActiveCfg = Debug|Any CPU
		{71FD0BEC-9ADB-4315-841E-9299BE067683}.LEXER_DEBUG|Any CPU.Build.0 = Debug|Any CPU
		{71FD0BEC-9ADB-4315-841E-9299BE067683}.Release|Any CPU.ActiveCfg = Release|Any CPU
		{71FD0BEC-9ADB-4315-841E-9299BE067683}.Release|Any CPU.Build.0 = Release|Any CPU
	EndGlobalSection
	GlobalSection(SolutionProperties) = preSolution
		HideSolutionNode = FALSE
	EndGlobalSection
	GlobalSection(ExtensibilityGlobals) = postSolution
		SolutionGuid = {0A9DC507-8222-45DD-A9B4-4130FA3E2E15}
	EndGlobalSection
EndGlobal
